
Microsoft Visual Studio Solution File, Format Version 12.00
# Visual Studio Version 17
VisualStudioVersion = 17.6.33815.320
MinimumVisualStudioVersion = 10.0.40219.1
Project("{FAE04EC0-301F-11D3-BF4B-00C04F79EFBC}") = "CameraDemo.Android", "CameraDemo\CameraDemo.Android\CameraDemo.Android.csproj", "{D7AAC42C-E7E9-4281-9BB8-1D6CAC24F70D}"
EndProject
Project("{FAE04EC0-301F-11D3-BF4B-00C04F79EFBC}") = "CameraDemo.iOS", "CameraDemo\CameraDemo.iOS\CameraDemo.iOS.csproj", "{05E75272-19E7-443A-8351-2736BED408EA}"
EndProject
Project("{FAE04EC0-301F-11D3-BF4B-00C04F79EFBC}") = "CameraDemo", "CameraDemo\CameraDemo\CameraDemo.csproj", "{7CEFED2A-6E62-484C-BC53-952C2B7B2C3F}"
EndProject
Project("{2150E333-8FDC-42A3-9474-1A3956D46DE8}") = "Solution Items", "Solution Items", "{78E43870-59F2-4C36-998C-F5B290AF8CE6}"
	ProjectSection(SolutionItems) = preProject
		.gitignore = .gitignore
	EndProjectSection
EndProject
Global
	GlobalSection(SolutionConfigurationPlatforms) = preSolution
		Debug|Any CPU = Debug|Any CPU
		Debug|iPhone = Debug|iPhone
		Debug|iPhoneSimulator = Debug|iPhoneSimulator
		Release|Any CPU = Release|Any CPU
		Release|iPhone = Release|iPhone
		Release|iPhoneSimulator = Release|iPhoneSimulator
	EndGlobalSection
	GlobalSection(ProjectConfigurationPlatforms) = postSolution
		{D7AAC42C-E7E9-4281-9BB8-1D6CAC24F70D}.Debug|Any CPU.ActiveCfg = Debug|Any CPU
		{D7AAC42C-E7E9-4281-9BB8-1D6CAC24F70D}.Debug|Any CPU.Build.0 = Debug|Any CPU
		{D7AAC42C-E7E9-4281-9BB8-1D6CAC24F70D}.Debug|Any CPU.Deploy.0 = Debug|Any CPU
		{D7AAC42C-E7E9-4281-9BB8-1D6CAC24F70D}.Debug|iPhone.ActiveCfg = Debug|Any CPU
		{D7AAC42C-E7E9-4281-9BB8-1D6CAC24F70D}.Debug|iPhone.Build.0 = Debug|Any CPU
		{D7AAC42C-E7E9-4281-9BB8-1D6CAC24F70D}.Debug|iPhone.Deploy.0 = Debug|Any CPU
		{D7AAC42C-E7E9-4281-9BB8-1D6CAC24F70D}.Debug|iPhoneSimulator.ActiveCfg = Debug|Any CPU
		{D7AAC42C-E7E9-4281-9BB8-1D6CAC24F70D}.Debug|iPhoneSimulator.Build.0 = Debug|Any CPU
		{D7AAC42C-E7E9-4281-9BB8-1D6CAC24F70D}.Debug|iPhoneSimulator.Deploy.0 = Debug|Any CPU
		{D7AAC42C-E7E9-4281-9BB8-1D6CAC24F70D}.Release|Any CPU.ActiveCfg = Release|Any CPU
		{D7AAC42C-E7E9-4281-9BB8-1D6CAC24F70D}.Release|Any CPU.Build.0 = Release|Any CPU
		{D7AAC42C-E7E9-4281-9BB8-1D6CAC24F70D}.Release|Any CPU.Deploy.0 = Release|Any CPU
		{D7AAC42C-E7E9-4281-9BB8-1D6CAC24F70D}.Release|iPhone.ActiveCfg = Release|Any CPU
		{D7AAC42C-E7E9-4281-9BB8-1D6CAC24F70D}.Release|iPhone.Build.0 = Release|Any CPU
		{D7AAC42C-E7E9-4281-9BB8-1D6CAC24F70D}.Release|iPhone.Deploy.0 = Release|Any CPU
		{D7AAC42C-E7E9-4281-9BB8-1D6CAC24F70D}.Release|iPhoneSimulator.ActiveCfg = Release|Any CPU
		{D7AAC42C-E7E9-4281-9BB8-1D6CAC24F70D}.Release|iPhoneSimulator.Build.0 = Release|Any CPU
		{D7AAC42C-E7E9-4281-9BB8-1D6CAC24F70D}.Release|iPhoneSimulator.Deploy.0 = Release|Any CPU
		{05E75272-19E7-443A-8351-2736BED408EA}.Debug|Any CPU.ActiveCfg = Debug|iPhone
		{05E75272-19E7-443A-8351-2736BED408EA}.Debug|Any CPU.Build.0 = Debug|iPhone
		{05E75272-19E7-443A-8351-2736BED408EA}.Debug|Any CPU.Deploy.0 = Debug|iPhone
		{05E75272-19E7-443A-8351-2736BED408EA}.Debug|iPhone.ActiveCfg = Debug|iPhone
		{05E75272-19E7-443A-8351-2736BED408EA}.Debug|iPhone.Build.0 = Debug|iPhone
		{05E75272-19E7-443A-8351-2736BED408EA}.Debug|iPhone.Deploy.0 = Debug|iPhone
		{05E75272-19E7-443A-8351-2736BED408EA}.Debug|iPhoneSimulator.ActiveCfg = Debug|iPhoneSimulator
		{05E75272-19E7-443A-8351-2736BED408EA}.Debug|iPhoneSimulator.Build.0 = Debug|iPhoneSimulator
		{05E75272-19E7-443A-8351-2736BED408EA}.Debug|iPhoneSimulator.Deploy.0 = Debug|iPhoneSimulator
		{05E75272-19E7-443A-8351-2736BED408EA}.Release|Any CPU.ActiveCfg = Release|iPhoneSimulator
		{05E75272-19E7-443A-8351-2736BED408EA}.Release|Any CPU.Build.0 = Release|iPhoneSimulator
		{05E75272-19E7-443A-8351-2736BED408EA}.Release|Any CPU.Deploy.0 = Release|iPhoneSimulator
		{05E75272-19E7-443A-8351-2736BED408EA}.Release|iPhone.ActiveCfg = Release|iPhone
		{05E75272-19E7-443A-8351-2736BED408EA}.Release|iPhone.Build.0 = Release|iPhone
		{05E75272-19E7-443A-8351-2736BED408EA}.Release|iPhone.Deploy.0 = Release|iPhone
		{05E75272-19E7-443A-8351-2736BED408EA}.Release|iPhoneSimulator.ActiveCfg = Release|iPhoneSimulator
		{05E75272-19E7-443A-8351-2736BED408EA}.Release|iPhoneSimulator.Build.0 = Release|iPhoneSimulator
		{05E75272-19E7-443A-8351-2736BED408EA}.Release|iPhoneSimulator.Deploy.0 = Release|iPhoneSimulator
		{7CEFED2A-6E62-484C-BC53-952C2B7B2C3F}.Debug|Any CPU.ActiveCfg = Debug|Any CPU
		{7CEFED2A-6E62-484C-BC53-952C2B7B2C3F}.Debug|Any CPU.Build.0 = Debug|Any CPU
		{7CEFED2A-6E62-484C-BC53-952C2B7B2C3F}.Debug|Any CPU.Deploy.0 = Debug|Any CPU
		{7CEFED2A-6E62-484C-BC53-952C2B7B2C3F}.Debug|iPhone.ActiveCfg = Debug|Any CPU
		{7CEFED2A-6E62-484C-BC53-952C2B7B2C3F}.Debug|iPhone.Build.0 = Debug|Any CPU
		{7CEFED2A-6E62-484C-BC53-952C2B7B2C3F}.Debug|iPhone.Deploy.0 = Debug|Any CPU
		{7CEFED2A-6E62-484C-BC53-952C2B7B2C3F}.Debug|iPhoneSimulator.ActiveCfg = Debug|Any CPU
		{7CEFED2A-6E62-484C-BC53-952C2B7B2C3F}.Debug|iPhoneSimulator.Build.0 = Debug|Any CPU
		{7CEFED2A-6E62-484C-BC53-952C2B7B2C3F}.Debug|iPhoneSimulator.Deploy.0 = Debug|Any CPU
		{7CEFED2A-6E62-484C-BC53-952C2B7B2C3F}.Release|Any CPU.ActiveCfg = Release|Any CPU
		{7CEFED2A-6E62-484C-BC53-952C2B7B2C3F}.Release|Any CPU.Build.0 = Release|Any CPU
		{7CEFED2A-6E62-484C-BC53-952C2B7B2C3F}.Release|Any CPU.Deploy.0 = Release|Any CPU
		{7CEFED2A-6E62-484C-BC53-952C2B7B2C3F}.Release|iPhone.ActiveCfg = Release|Any CPU
		{7CEFED2A-6E62-484C-BC53-952C2B7B2C3F}.Release|iPhone.Build.0 = Release|Any CPU
		{7CEFED2A-6E62-484C-BC53-952C2B7B2C3F}.Release|iPhone.Deploy.0 = Release|Any CPU
		{7CEFED2A-6E62-484C-BC53-952C2B7B2C3F}.Release|iPhoneSimulator.ActiveCfg = Release|Any CPU
		{7CEFED2A-6E62-484C-BC53-952C2B7B2C3F}.Release|iPhoneSimulator.Build.0 = Release|Any CPU
		{7CEFED2A-6E62-484C-BC53-952C2B7B2C3F}.Release|iPhoneSimulator.Deploy.0 = Release|Any CPU
	EndGlobalSection
	GlobalSection(SolutionProperties) = preSolution
		HideSolutionNode = FALSE
	EndGlobalSection
	GlobalSection(ExtensibilityGlobals) = postSolution
		SolutionGuid = {BD147A50-01B4-4017-A0E5-F77F5C7889F3}
	EndGlobalSection
EndGlobal
